
Microsoft Visual Studio Solution File, Format Version 12.00
# Visual Studio 15
VisualStudioVersion = 15.0.28307.1062
MinimumVisualStudioVersion = 10.0.40219.1
Project("{FAE04EC0-301F-11D3-BF4B-00C04F79EFBC}") = "AnimalControls", "AnimalControls.csproj", "{66EF6A35-146F-4BB4-AA83-D303116DE2BC}"
EndProject
Global
	GlobalSection(SolutionConfigurationPlatforms) = preSolution
		Debug|Any CPU = Debug|Any CPU
		Release|Any CPU = Release|Any CPU
	EndGlobalSection
	GlobalSection(ProjectConfigurationPlatforms) = postSolution
		{66EF6A35-146F-4BB4-AA83-D303116DE2BC}.Debug|Any CPU.ActiveCfg = Debug|Any CPU
		{66EF6A35-146F-4BB4-AA83-D303116DE2BC}.Debug|Any CPU.Build.0 = Debug|Any CPU
		{66EF6A35-146F-4BB4-AA83-D303116DE2BC}.Release|Any CPU.ActiveCfg = Release|Any CPU
		{66EF6A35-146F-4BB4-AA83-D303116DE2BC}.Release|Any CPU.Build.0 = Release|Any CPU
	EndGlobalSection
	GlobalSection(SolutionProperties) = preSolution
		HideSolutionNode = FALSE
	EndGlobalSection
	GlobalSection(ExtensibilityGlobals) = postSolution
		SolutionGuid = {EC1D5D4D-70F9-4150-9343-FFEEAE493D7F}
	EndGlobalSection
EndGlobal
